
Microsoft Visual Studio Solution File, Format Version 12.00
# Visual Studio Version 17
VisualStudioVersion = 17.6.33829.357
MinimumVisualStudioVersion = 10.0.40219.1
Project("{FAE04EC0-301F-11D3-BF4B-00C04F79EFBC}") = "CustomORM", "CustomORM\CustomORM.csproj", "{0ED15D42-807A-421F-8A7D-12293DEF9028}"
EndProject
Global
	GlobalSection(SolutionConfigurationPlatforms) = preSolution
		Debug|Any CPU = Debug|Any CPU
		Release|Any CPU = Release|Any CPU
	EndGlobalSection
	GlobalSection(ProjectConfigurationPlatforms) = postSolution
		{0ED15D42-807A-421F-8A7D-12293DEF9028}.Debug|Any CPU.ActiveCfg = Debug|Any CPU
		{0ED15D42-807A-421F-8A7D-12293DEF9028}.Debug|Any CPU.Build.0 = Debug|Any CPU
		{0ED15D42-807A-421F-8A7D-12293DEF9028}.Release|Any CPU.ActiveCfg = Release|Any CPU
		{0ED15D42-807A-421F-8A7D-12293DEF9028}.Release|Any CPU.Build.0 = Release|Any CPU
	EndGlobalSection
	GlobalSection(SolutionProperties) = preSolution
		HideSolutionNode = FALSE
	EndGlobalSection
	GlobalSection(ExtensibilityGlobals) = postSolution
		SolutionGuid = {30266D75-1DD5-4AA5-8C62-189364BC7169}
	EndGlobalSection
EndGlobal
